
Microsoft Visual Studio Solution File, Format Version 12.00
# Visual Studio 14
VisualStudioVersion = 14.0.24720.0
MinimumVisualStudioVersion = 10.0.40219.1
Project("{FAE04EC0-301F-11D3-BF4B-00C04F79EFBC}") = "SmartSolar.Device", "SmartSolar.Device\SmartSolar.Device.csproj", "{E1B2D496-64AF-445E-A43E-82A92D152A39}"
EndProject
Project("{FAE04EC0-301F-11D3-BF4B-00C04F79EFBC}") = "SmartSolar.Device.Core", "SmartSolar.Device.Core\SmartSolar.Device.Core.csproj", "{B2BC8789-0160-49DF-B9B9-9457083C82F6}"
EndProject
Project("{FAE04EC0-301F-11D3-BF4B-00C04F79EFBC}") = "SmartSolar.Device.Tests", "SmartSolar.Device.Tests\SmartSolar.Device.Tests.csproj", "{F08E4C5E-2B45-4D2D-AD3C-E94993BEA7BA}"
EndProject
Global
	GlobalSection(SolutionConfigurationPlatforms) = preSolution
		Debug|Any CPU = Debug|Any CPU
		Debug|ARM = Debug|ARM
		Debug|x64 = Debug|x64
		Debug|x86 = Debug|x86
		Release|Any CPU = Release|Any CPU
		Release|ARM = Release|ARM
		Release|x64 = Release|x64
		Release|x86 = Release|x86
	EndGlobalSection
	GlobalSection(ProjectConfigurationPlatforms) = postSolution
		{E1B2D496-64AF-445E-A43E-82A92D152A39}.Debug|Any CPU.ActiveCfg = Debug|x86
		{E1B2D496-64AF-445E-A43E-82A92D152A39}.Debug|ARM.ActiveCfg = Debug|ARM
		{E1B2D496-64AF-445E-A43E-82A92D152A39}.Debug|ARM.Build.0 = Debug|ARM
		{E1B2D496-64AF-445E-A43E-82A92D152A39}.Debug|ARM.Deploy.0 = Debug|ARM
		{E1B2D496-64AF-445E-A43E-82A92D152A39}.Debug|x64.ActiveCfg = Debug|x64
		{E1B2D496-64AF-445E-A43E-82A92D152A39}.Debug|x64.Build.0 = Debug|x64
		{E1B2D496-64AF-445E-A43E-82A92D152A39}.Debug|x64.Deploy.0 = Debug|x64
		{E1B2D496-64AF-445E-A43E-82A92D152A39}.Debug|x86.ActiveCfg = Debug|x86
		{E1B2D496-64AF-445E-A43E-82A92D152A39}.Debug|x86.Build.0 = Debug|x86
		{E1B2D496-64AF-445E-A43E-82A92D152A39}.Debug|x86.Deploy.0 = Debug|x86
		{E1B2D496-64AF-445E-A43E-82A92D152A39}.Release|Any CPU.ActiveCfg = Release|x86
		{E1B2D496-64AF-445E-A43E-82A92D152A39}.Release|ARM.ActiveCfg = Release|ARM
		{E1B2D496-64AF-445E-A43E-82A92D152A39}.Release|ARM.Build.0 = Release|ARM
		{E1B2D496-64AF-445E-A43E-82A92D152A39}.Release|ARM.Deploy.0 = Release|ARM
		{E1B2D496-64AF-445E-A43E-82A92D152A39}.Release|x64.ActiveCfg = Release|x64
		{E1B2D496-64AF-445E-A43E-82A92D152A39}.Release|x64.Build.0 = Release|x64
		{E1B2D496-64AF-445E-A43E-82A92D152A39}.Release|x64.Deploy.0 = Release|x64
		{E1B2D496-64AF-445E-A43E-82A92D152A39}.Release|x86.ActiveCfg = Release|x86
		{E1B2D496-64AF-445E-A43E-82A92D152A39}.Release|x86.Build.0 = Release|x86
		{E1B2D496-64AF-445E-A43E-82A92D152A39}.Release|x86.Deploy.0 = Release|x86
		{B2BC8789-0160-49DF-B9B9-9457083C82F6}.Debug|Any CPU.ActiveCfg = Debug|Any CPU
		{B2BC8789-0160-49DF-B9B9-9457083C82F6}.Debug|Any CPU.Build.0 = Debug|Any CPU
		{B2BC8789-0160-49DF-B9B9-9457083C82F6}.Debug|ARM.ActiveCfg = Debug|ARM
		{B2BC8789-0160-49DF-B9B9-9457083C82F6}.Debug|ARM.Build.0 = Debug|ARM
		{B2BC8789-0160-49DF-B9B9-9457083C82F6}.Debug|x64.ActiveCfg = Debug|x64
		{B2BC8789-0160-49DF-B9B9-9457083C82F6}.Debug|x64.Build.0 = Debug|x64
		{B2BC8789-0160-49DF-B9B9-9457083C82F6}.Debug|x86.ActiveCfg = Debug|x86
		{B2BC8789-0160-49DF-B9B9-9457083C82F6}.Debug|x86.Build.0 = Debug|x86
		{B2BC8789-0160-49DF-B9B9-9457083C82F6}.Release|Any CPU.ActiveCfg = Release|Any CPU
		{B2BC8789-0160-49DF-B9B9-9457083C82F6}.Release|Any CPU.Build.0 = Release|Any CPU
		{B2BC8789-0160-49DF-B9B9-9457083C82F6}.Release|ARM.ActiveCfg = Release|ARM
		{B2BC8789-0160-49DF-B9B9-9457083C82F6}.Release|ARM.Build.0 = Release|ARM
		{B2BC8789-0160-49DF-B9B9-9457083C82F6}.Release|x64.ActiveCfg = Release|x64
		{B2BC8789-0160-49DF-B9B9-9457083C82F6}.Release|x64.Build.0 = Release|x64
		{B2BC8789-0160-49DF-B9B9-9457083C82F6}.Release|x86.ActiveCfg = Release|x86
		{B2BC8789-0160-49DF-B9B9-9457083C82F6}.Release|x86.Build.0 = Release|x86
		{F08E4C5E-2B45-4D2D-AD3C-E94993BEA7BA}.Debug|Any CPU.ActiveCfg = Debug|Any CPU
		{F08E4C5E-2B45-4D2D-AD3C-E94993BEA7BA}.Debug|Any CPU.Build.0 = Debug|Any CPU
		{F08E4C5E-2B45-4D2D-AD3C-E94993BEA7BA}.Debug|ARM.ActiveCfg = Debug|ARM
		{F08E4C5E-2B45-4D2D-AD3C-E94993BEA7BA}.Debug|ARM.Build.0 = Debug|ARM
		{F08E4C5E-2B45-4D2D-AD3C-E94993BEA7BA}.Debug|x64.ActiveCfg = Debug|x64
		{F08E4C5E-2B45-4D2D-AD3C-E94993BEA7BA}.Debug|x64.Build.0 = Debug|x64
		{F08E4C5E-2B45-4D2D-AD3C-E94993BEA7BA}.Debug|x86.ActiveCfg = Debug|x86
		{F08E4C5E-2B45-4D2D-AD3C-E94993BEA7BA}.Debug|x86.Build.0 = Debug|x86
		{F08E4C5E-2B45-4D2D-AD3C-E94993BEA7BA}.Release|Any CPU.ActiveCfg = Release|Any CPU
		{F08E4C5E-2B45-4D2D-AD3C-E94993BEA7BA}.Release|Any CPU.Build.0 = Release|Any CPU
		{F08E4C5E-2B45-4D2D-AD3C-E94993BEA7BA}.Release|ARM.ActiveCfg = Release|ARM
		{F08E4C5E-2B45-4D2D-AD3C-E94993BEA7BA}.Release|ARM.Build.0 = Release|ARM
		{F08E4C5E-2B45-4D2D-AD3C-E94993BEA7BA}.Release|x64.ActiveCfg = Release|x64
		{F08E4C5E-2B45-4D2D-AD3C-E94993BEA7BA}.Release|x64.Build.0 = Release|x64
		{F08E4C5E-2B45-4D2D-AD3C-E94993BEA7BA}.Release|x86.ActiveCfg = Release|x86
		{F08E4C5E-2B45-4D2D-AD3C-E94993BEA7BA}.Release|x86.Build.0 = Release|x86
	EndGlobalSection
	GlobalSection(SolutionProperties) = preSolution
		HideSolutionNode = FALSE
	EndGlobalSection
EndGlobal
